{
    "_readme": [
        "This file locks the dependencies of your project to a known state",
        "Read more about it at https://getcomposer.org/doc/01-basic-usage.md#installing-dependencies",
        "This file is @generated automatically"
    ],
    "content-hash": "7729f91fd3cabe4ac1cf1722e926b4d6",
    "packages": [
        {
            "name": "joshtronic/php-loremipsum",
            "version": "1.0.5",
            "source": {
                "type": "git",
                "url": "https://github.com/joshtronic/php-loremipsum.git",
                "reference": "cdb2e05cf4f48822920e5fb85c0983a155109885"
            },
            "dist": {
                "type": "zip",
                "url": "https://api.github.com/repos/joshtronic/php-loremipsum/zipball/cdb2e05cf4f48822920e5fb85c0983a155109885",
                "reference": "cdb2e05cf4f48822920e5fb85c0983a155109885",
                "shasum": ""
            },
            "require": {
                "php": ">=5.3"
            },
            "require-dev": {
                "php-coveralls/php-coveralls": ">=1",
                "phpunit/phpunit": ">=4"
            },
            "type": "library",
            "autoload": {
                "psr-4": {
                    "joshtronic\\": "src/"
                }
            },
            "notification-url": "https://packagist.org/downloads/",
            "license": [
                "MIT"
            ],
            "authors": [
                {
                    "name": "Josh Sherman",
                    "email": "hello@joshtronic.com",
                    "homepage": "https://joshtronic.com"
                }
            ],
            "description": "Lorem ipsum generator in PHP without dependencies",
            "homepage": "https://github.com/joshtronic/php-loremipsum",
            "keywords": [
                "generator",
                "ipsum",
                "lorem"
            ],
            "time": "2020-01-10T03:49:13+00:00"
        }
    ],
    "packages-dev": [],
    "aliases": [],
    "minimum-stability": "stable",
    "stability-flags": [],
    "prefer-stable": false,
    "prefer-lowest": false,
    "platform": [],
    "platform-dev": []
}
